{
    "_meta": {
        "hash": {
            "sha256": "5c9bfc1460c4d7bdc5fe091d82a8bd3be55e7b60f19d04245a3a9b388ca24965"
        },
        "host-environment-markers": {
            "implementation_name": "cpython",
            "implementation_version": "3.6.4",
            "os_name": "posix",
            "platform_machine": "x86_64",
            "platform_python_implementation": "CPython",
            "platform_release": "4.15.0-47-generic",
            "platform_system": "Linux",
            "platform_version": "#50~16.04.1-Ubuntu SMP Fri Mar 15 16:06:21 UTC 2019",
            "python_full_version": "3.6.4",
            "python_version": "3.6",
            "sys_platform": "linux"
        },
        "pipfile-spec": 6,
        "requires": {
            "python_version": "3.6"
        },
        "sources": [
            {
                "name": "pypi",
                "url": "https://pypi.org/simple",
                "verify_ssl": true
            }
        ]
    },
    "default": {
        "autopep8": {
            "hashes": [],
            "version": "==1.4.4"
        },
        "beautifulsoup4": {
            "hashes": [],
            "version": "==4.7.1"
        },
        "certifi": {
            "hashes": [],
            "version": "==2019.3.9"
        },
        "chardet": {
            "hashes": [],
            "version": "==3.0.4"
        },
        "django": {
            "hashes": [],
            "version": "==2.2"
        },
        "django-cors-headers": {
            "hashes": [],
            "version": "==2.5.2"
        },
        "django-extensions": {
            "hashes": [],
            "version": "==2.1.6"
        },
        "django-livereload-server": {
            "hashes": [],
            "version": "==0.3.2"
        },
        "django-mjml": {
            "hashes": [],
            "version": "==0.7.0"
        },
        "django-postgres-copy": {
            "hashes": [],
            "version": "==2.4.0"
        },
        "django-rest-auth": {
            "hashes": [],
            "version": "==0.9.5"
        },
        "django-silk": {
            "hashes": [],
            "version": "==3.0.1"
        },
        "djangorestframework": {
            "hashes": [],
            "version": "==3.9.2"
        },
        "gprof2dot": {
            "hashes": [],
            "version": "==2016.10.13"
        },
        "idna": {
            "hashes": [],
            "version": "==2.8"
        },
        "jinja2": {
            "hashes": [],
            "version": "==2.10.1"
        },
        "markupsafe": {
            "hashes": [],
            "version": "==1.1.1"
        },
        "psycopg2": {
            "hashes": [],
            "version": "==2.8.2"
        },
        "pycodestyle": {
            "hashes": [],
            "version": "==2.5.0"
        },
        "pygments": {
            "hashes": [],
            "version": "==2.3.1"
        },
        "pygraphviz": {
            "hashes": [],
            "version": "==1.5"
        },
        "python-dateutil": {
            "hashes": [],
            "version": "==2.8.0"
        },
        "pytz": {
            "hashes": [],
            "version": "==2019.1"
        },
        "requests": {
            "hashes": [],
            "version": "==2.21.0"
        },
        "six": {
            "hashes": [],
            "version": "==1.12.0"
        },
        "soupsieve": {
            "hashes": [],
            "version": "==1.9.1"
        },
        "sqlparse": {
            "hashes": [],
            "version": "==0.3.0"
        },
        "tornado": {
            "hashes": [],
            "version": "==6.0.2"
        },
        "urllib3": {
            "hashes": [],
            "version": "==1.24.2"
        }
    },
    "develop": {
        "pep8": {
            "hashes": [],
            "version": "==1.7.1"
        }
    }
}
